<?xml version="1.0" encoding="utf-8"?>
<Project ToolsVersion="4.0" xmlns="http://schemas.microsoft.com/developer/msbuild/2003">
  <ItemGroup>
    <ClCompile Include="renderer.cpp" />
    <ClCompile Include="template\opencl.cpp">
      <Filter>template</Filter>
    </ClCompile>
    <ClCompile Include="template\opengl.cpp">
      <Filter>template</Filter>
    </ClCompile>
    <ClCompile Include="template\surface.cpp">
      <Filter>template</Filter>
    </ClCompile>
    <ClCompile Include="template\template.cpp">
      <Filter>template</Filter>
    </ClCompile>
    <ClCompile Include="lib\imgui\imgui.cpp">
      <Filter>template\imgui</Filter>
    </ClCompile>
    <ClCompile Include="lib\imgui\imgui_demo.cpp">
      <Filter>template\imgui</Filter>
    </ClCompile>
    <ClCompile Include="lib\imgui\imgui_draw.cpp">
      <Filter>template\imgui</Filter>
    </ClCompile>
    <ClCompile Include="lib\imgui\imgui_impl_glfw.cpp">
      <Filter>template\imgui</Filter>
    </ClCompile>
    <ClCompile Include="lib\imgui\imgui_impl_opengl3.cpp">
      <Filter>template\imgui</Filter>
    </ClCompile>
    <ClCompile Include="lib\imgui\imgui_tables.cpp">
      <Filter>template\imgui</Filter>
    </ClCompile>
    <ClCompile Include="lib\imgui\imgui_widgets.cpp">
      <Filter>template\imgui</Filter>
    </ClCompile>
    <ClCompile Include="template\tmpl8math.cpp">
      <Filter>template</Filter>
    </ClCompile>
    <ClCompile Include="camera.cpp" />
    <ClCompile Include="ray.cpp" />
    <ClCompile Include="scene.cpp" />
    <ClCompile Include="template\Core\Material.cpp" />
    <ClCompile Include="template\Sky.cpp" />
    <ClCompile Include="lib\VoxLoader.cpp" />
    <ClCompile Include="Sphere.cpp" />
    <ClCompile Include="stb_image_impl.cpp" />
    <ClCompile Include="lib\tiny_bvh.cpp" />
    <ClCompile Include="VoxelFactory.cpp" />
    <ClCompile Include="template\Core\Animations\Spline.cpp" />
    <ClCompile Include="PhysicsBall.cpp" />
    <ClCompile Include="SceneManager.cpp" />
    <ClCompile Include="template\Core\Audio\AudioSystem.cpp" />
    <ClCompile Include="EventSystem.cpp" />
  </ItemGroup>
  <ItemGroup>
    <ClInclude Include="renderer.h" />
    <ClInclude Include="template\common.h">
      <Filter>template</Filter>
    </ClInclude>
    <ClInclude Include="template\opencl.h">
      <Filter>template</Filter>
    </ClInclude>
    <ClInclude Include="template\opengl.h">
      <Filter>template</Filter>
    </ClInclude>
    <ClInclude Include="template\template.h">
      <Filter>template</Filter>
    </ClInclude>
    <ClInclude Include="template\surface.h">
      <Filter>template</Filter>
    </ClInclude>
    <ClInclude Include="lib\imgui\imstb_truetype.h">
      <Filter>template\imgui</Filter>
    </ClInclude>
    <ClInclude Include="lib\imgui\imgui.h">
      <Filter>template\imgui</Filter>
    </ClInclude>
    <ClInclude Include="lib\imgui\imgui_impl_glfw.h">
      <Filter>template\imgui</Filter>
    </ClInclude>
    <ClInclude Include="lib\imgui\imgui_impl_opengl3.h">
      <Filter>template\imgui</Filter>
    </ClInclude>
    <ClInclude Include="lib\imgui\imgui_impl_opengl3_loader.h">
      <Filter>template\imgui</Filter>
    </ClInclude>
    <ClInclude Include="lib\imgui\imgui_internal.h">
      <Filter>template\imgui</Filter>
    </ClInclude>
    <ClInclude Include="lib\imgui\imstb_rectpack.h">
      <Filter>template\imgui</Filter>
    </ClInclude>
    <ClInclude Include="lib\imgui\imstb_textedit.h">
      <Filter>template\imgui</Filter>
    </ClInclude>
    <ClInclude Include="lib\imgui\imconfig.h">
      <Filter>template\imgui</Filter>
    </ClInclude>
    <ClInclude Include="template\tmpl8math.h">
      <Filter>template</Filter>
    </ClInclude>
    <ClInclude Include="ray.h" />
    <ClInclude Include="camera.h" />
    <ClInclude Include="scene.h" />
    <ClInclude Include="template\Core\ShadingPoint.h" />
    <ClInclude Include="template\Core\Lighting\PointLight.h" />
    <ClInclude Include="template\Core\Lighting\DirectionalLight.h" />
    <ClInclude Include="template\Core\Lighting\SpotLight.h" />
    <ClInclude Include="template\Core\Lighting\AreaLight.h" />
    <ClInclude Include="template\Core\Material.h" />
    <ClInclude Include="template\Sky.h" />
    <ClInclude Include="lib\VoxLoader.h" />
    <ClInclude Include="template\Core\TextureTable.h" />
    <ClInclude Include="Sphere.h" />
    <ClInclude Include="HDRCubemap.h" />
    <ClInclude Include="lib\tiny_bvh.h" />
    <ClInclude Include="VoxelObject.h" />
    <ClInclude Include="VoxelFactory.h" />
    <ClInclude Include="VoxelInstance.h" />
    <ClInclude Include="template\Core\Animations\Spline.h" />
    <ClInclude Include="template\Core\Animations\SplineFollower.h" />
    <ClInclude Include="PhysicsWorld.h" />
    <ClInclude Include="PhysicsBall.h" />
    <ClInclude Include="GameScenes.h" />
    <ClInclude Include="SceneManager.h" />
    <ClInclude Include="SceneDef.h" />
    <ClInclude Include="template\Core\Audio\AudioSystem.h" />
    <ClInclude Include="LivingCubeScene.h" />
    <ClInclude Include="InfinityMirrorScene.h" />
    <ClInclude Include="GyroscopeScene.h" />
    <ClInclude Include="EventSystem.h" />
    <ClInclude Include="BrickmapScene.h" />
    <ClInclude Include="PulseGridScene.h" />
    <ClInclude Include="OrbitCloudScene.h" />
  </ItemGroup>
  <ItemGroup>
    <Filter Include="template">
      <UniqueIdentifier>{a7d6e3cb-bfcd-438d-979f-17df241a55b4}</UniqueIdentifier>
    </Filter>
    <Filter Include="template\imgui">
      <UniqueIdentifier>{b1e7f5d5-23d5-4fa2-8854-9a94fb160820}</UniqueIdentifier>
    </Filter>
  </ItemGroup>
  <ItemGroup>
    <None Include="template\LICENSE">
      <Filter>template</Filter>
    </None>
    <None Include="assets\menger.vox" />
    <None Include="assets\order_sky.hdr" />
  </ItemGroup>
  <ItemGroup>
    <Image Include="assets\BlueNoise256x256.png" />
  </ItemGroup>
</Project>